
Microsoft Visual Studio Solution File, Format Version 12.00
# Visual Studio 15
VisualStudioVersion = 15.0.28307.2092
MinimumVisualStudioVersion = 10.0.40219.1
Project("{FAE04EC0-301F-11D3-BF4B-00C04F79EFBC}") = "ServiceApp", "ServiceApp\ServiceApp.csproj", "{C82C5C09-9CD0-4E2F-82CE-C037043095FD}"
EndProject
Project("{FAE04EC0-301F-11D3-BF4B-00C04F79EFBC}") = "Contracts", "Contracts\Contracts.csproj", "{FFC2BFFD-85F3-48CD-A74C-3E1DA9D8E089}"
EndProject
Project("{FAE04EC0-301F-11D3-BF4B-00C04F79EFBC}") = "ClientApp", "ClientApp\ClientApp.csproj", "{666507A7-3E6E-4848-9420-AADB56DC722A}"
EndProject
Project("{FAE04EC0-301F-11D3-BF4B-00C04F79EFBC}") = "Common", "Common\Common.csproj", "{7397F396-D8FD-4710-92CE-24197DFA7D64}"
EndProject
Project("{FAE04EC0-301F-11D3-BF4B-00C04F79EFBC}") = "MonitoringServiceApp", "MonitoringServiceApp\MonitoringServiceApp.csproj", "{033BCF13-28BF-42BF-BF78-DB2AB0B15962}"
EndProject
Global
	GlobalSection(SolutionConfigurationPlatforms) = preSolution
		Debug|Any CPU = Debug|Any CPU
		Release|Any CPU = Release|Any CPU
	EndGlobalSection
	GlobalSection(ProjectConfigurationPlatforms) = postSolution
		{C82C5C09-9CD0-4E2F-82CE-C037043095FD}.Debug|Any CPU.ActiveCfg = Debug|Any CPU
		{C82C5C09-9CD0-4E2F-82CE-C037043095FD}.Debug|Any CPU.Build.0 = Debug|Any CPU
		{C82C5C09-9CD0-4E2F-82CE-C037043095FD}.Release|Any CPU.ActiveCfg = Release|Any CPU
		{C82C5C09-9CD0-4E2F-82CE-C037043095FD}.Release|Any CPU.Build.0 = Release|Any CPU
		{FFC2BFFD-85F3-48CD-A74C-3E1DA9D8E089}.Debug|Any CPU.ActiveCfg = Debug|Any CPU
		{FFC2BFFD-85F3-48CD-A74C-3E1DA9D8E089}.Debug|Any CPU.Build.0 = Debug|Any CPU
		{FFC2BFFD-85F3-48CD-A74C-3E1DA9D8E089}.Release|Any CPU.ActiveCfg = Release|Any CPU
		{FFC2BFFD-85F3-48CD-A74C-3E1DA9D8E089}.Release|Any CPU.Build.0 = Release|Any CPU
		{666507A7-3E6E-4848-9420-AADB56DC722A}.Debug|Any CPU.ActiveCfg = Debug|Any CPU
		{666507A7-3E6E-4848-9420-AADB56DC722A}.Debug|Any CPU.Build.0 = Debug|Any CPU
		{666507A7-3E6E-4848-9420-AADB56DC722A}.Release|Any CPU.ActiveCfg = Release|Any CPU
		{666507A7-3E6E-4848-9420-AADB56DC722A}.Release|Any CPU.Build.0 = Release|Any CPU
		{7397F396-D8FD-4710-92CE-24197DFA7D64}.Debug|Any CPU.ActiveCfg = Debug|Any CPU
		{7397F396-D8FD-4710-92CE-24197DFA7D64}.Debug|Any CPU.Build.0 = Debug|Any CPU
		{7397F396-D8FD-4710-92CE-24197DFA7D64}.Release|Any CPU.ActiveCfg = Release|Any CPU
		{7397F396-D8FD-4710-92CE-24197DFA7D64}.Release|Any CPU.Build.0 = Release|Any CPU
		{033BCF13-28BF-42BF-BF78-DB2AB0B15962}.Debug|Any CPU.ActiveCfg = Debug|Any CPU
		{033BCF13-28BF-42BF-BF78-DB2AB0B15962}.Debug|Any CPU.Build.0 = Debug|Any CPU
		{033BCF13-28BF-42BF-BF78-DB2AB0B15962}.Release|Any CPU.ActiveCfg = Release|Any CPU
		{033BCF13-28BF-42BF-BF78-DB2AB0B15962}.Release|Any CPU.Build.0 = Release|Any CPU
	EndGlobalSection
	GlobalSection(SolutionProperties) = preSolution
		HideSolutionNode = FALSE
	EndGlobalSection
	GlobalSection(ExtensibilityGlobals) = postSolution
		SolutionGuid = {DA0B44EE-DB79-450B-A157-94BBA1A54B8F}
	EndGlobalSection
EndGlobal
